<?xml version="1.0" encoding="utf-8"?>
<Project ToolsVersion="4.0" xmlns="http://schemas.microsoft.com/developer/msbuild/2003">
  <ItemGroup>
    <Filter Include="Source Files">
      <UniqueIdentifier>{4FC737F1-C7A5-4376-A066-2A32D752A2FF}</UniqueIdentifier>
      <Extensions>cpp;c;cc;cxx;def;odl;idl;hpj;bat;asm;asmx</Extensions>
    </Filter>
    <Filter Include="Header Files">
      <UniqueIdentifier>{93995380-89BD-4b04-88EB-625FBE52EBFB}</UniqueIdentifier>
      <Extensions>h;hh;hpp;hxx;hm;inl;inc;ipp;xsd</Extensions>
    </Filter>
    <Filter Include="Resource Files">
      <UniqueIdentifier>{67DA6AB6-F800-4c08-8B7A-83BB121AAD01}</UniqueIdentifier>
      <Extensions>rc;ico;cur;bmp;dlg;rc2;rct;bin;rgs;gif;jpg;jpeg;jpe;resx;tiff;tif;png;wav;mfcribbon-ms</Extensions>
    </Filter>
  </ItemGroup>
  <ItemGroup>
    <ClCompile Include="pvm_sed_visual.cpp">
      <Filter>Source Files</Filter>
    </ClCompile>
    <ClCompile Include="test_cases.cpp">
      <Filter>Source Files</Filter>
    </ClCompile>
    <ClCompile Include="global.cpp">
      <Filter>Source Files</Filter>
    </ClCompile>
    <ClCompile Include="average.cpp">
      <Filter>Source Files</Filter>
    </ClCompile>
    <ClCompile Include="bc.cpp">
      <Filter>Source Files</Filter>
    </ClCompile>
    <ClCompile Include="fn_flux.cpp">
      <Filter>Source Files</Filter>
    </ClCompile>
    <ClCompile Include="hornerm.cpp">
      <Filter>Source Files</Filter>
    </ClCompile>
    <ClCompile Include="matmult.cpp">
      <Filter>Source Files</Filter>
    </ClCompile>
    <ClCompile Include="lminmax_charspeed.cpp">
      <Filter>Source Files</Filter>
    </ClCompile>
    <ClCompile Include="minmax_charspeed.cpp">
      <Filter>Source Files</Filter>
    </ClCompile>
    <ClCompile Include="diffusion_tensor.cpp">
      <Filter>Source Files</Filter>
    </ClCompile>
    <ClCompile Include="der_diffusion_tensor.cpp">
      <Filter>Source Files</Filter>
    </ClCompile>
    <ClCompile Include="charspeed.cpp">
      <Filter>Source Files</Filter>
    </ClCompile>
    <ClCompile Include="apply_diffus.cpp">
      <Filter>Source Files</Filter>
    </ClCompile>
    <ClCompile Include="diffus.cpp">
      <Filter>Source Files</Filter>
    </ClCompile>
    <ClCompile Include="diffus_charspeed.cpp">
      <Filter>Source Files</Filter>
    </ClCompile>
  </ItemGroup>
  <ItemGroup>
    <None Include="packages.config" />
  </ItemGroup>
  <ItemGroup>
    <ClInclude Include="test_cases.h">
      <Filter>Header Files</Filter>
    </ClInclude>
    <ClInclude Include="utilities.h">
      <Filter>Header Files</Filter>
    </ClInclude>
    <ClInclude Include="sed_hsf.h">
      <Filter>Header Files</Filter>
    </ClInclude>
    <ClInclude Include="sed_hsf_der.h">
      <Filter>Header Files</Filter>
    </ClInclude>
    <ClInclude Include="average.h">
      <Filter>Header Files</Filter>
    </ClInclude>
    <ClInclude Include="bc.h">
      <Filter>Header Files</Filter>
    </ClInclude>
    <ClInclude Include="fn_flux.h">
      <Filter>Header Files</Filter>
    </ClInclude>
    <ClInclude Include="hornerm.h">
      <Filter>Header Files</Filter>
    </ClInclude>
    <ClInclude Include="matmult.h">
      <Filter>Header Files</Filter>
    </ClInclude>
    <ClInclude Include="lminmax_charspeed.h">
      <Filter>Header Files</Filter>
    </ClInclude>
    <ClInclude Include="minmax_charspeed.h">
      <Filter>Header Files</Filter>
    </ClInclude>
    <ClInclude Include="diffusion_tensor.h">
      <Filter>Header Files</Filter>
    </ClInclude>
    <ClInclude Include="der_diffusion_tensor.h">
      <Filter>Header Files</Filter>
    </ClInclude>
    <ClInclude Include="charspeed.h">
      <Filter>Header Files</Filter>
    </ClInclude>
    <ClInclude Include="apply_diffus.h">
      <Filter>Header Files</Filter>
    </ClInclude>
    <ClInclude Include="diffus.h">
      <Filter>Header Files</Filter>
    </ClInclude>
    <ClInclude Include="diffus_charspeed.h">
      <Filter>Header Files</Filter>
    </ClInclude>
  </ItemGroup>
</Project>